# Generated by pub
# See https://dart.dev/tools/pub/glossary#lockfile
packages:
  _discoveryapis_commons:
    dependency: transitive
    description:
      name: _discoveryapis_commons
      sha256: "113c4100b90a5b70a983541782431b82168b3cae166ab130649c36eb3559d498"
      url: "https://pub.dev"
    source: hosted
    version: "1.0.7"
  anthropic_sdk_dart:
    dependency: "direct overridden"
    description:
      path: "../../packages/anthropic_sdk_dart"
      relative: true
    source: path
    version: "0.2.0+1"
  args:
    dependency: transitive
    description:
      name: args
      sha256: "7cf60b9f0cc88203c5a190b4cd62a99feea42759a7fa695010eb5de1c0b2252a"
      url: "https://pub.dev"
    source: hosted
    version: "2.5.0"
  async:
    dependency: transitive
    description:
      name: async
      sha256: "758e6d74e971c3e5aceb4110bfd6698efc7f501675bcfe0c775459a8140750eb"
      url: "https://pub.dev"
    source: hosted
    version: "2.13.0"
  beautiful_soup_dart:
    dependency: transitive
    description:
      name: beautiful_soup_dart
      sha256: "57e23946c85776dd9515a4e9a14263fff37dbedbd559bc4412bf565886e12b10"
      url: "https://pub.dev"
    source: hosted
    version: "0.3.0"
  characters:
    dependency: transitive
    description:
      name: characters
      sha256: f71061c654a3380576a52b451dd5532377954cf9dbd272a78fc8479606670803
      url: "https://pub.dev"
    source: hosted
    version: "1.4.0"
  chromadb:
    dependency: "direct overridden"
    description:
      path: "../../packages/chromadb"
      relative: true
    source: path
    version: "0.2.0+2"
  collection:
    dependency: transitive
    description:
      name: collection
      sha256: "2f5709ae4d3d59dd8f7cd309b4e023046b57d8a6c82130785d2b0e5868084e76"
      url: "https://pub.dev"
    source: hosted
    version: "1.19.1"
  cross_file:
    dependency: transitive
    description:
      name: cross_file
      sha256: "7caf6a750a0c04effbb52a676dce9a4a592e10ad35c34d6d2d0e4811160d5670"
      url: "https://pub.dev"
    source: hosted
    version: "0.3.4+2"
  crypto:
    dependency: transitive
    description:
      name: crypto
      sha256: "1e445881f28f22d6140f181e07737b22f1e099a5e1ff94b0af2f9e4a463f4855"
      url: "https://pub.dev"
    source: hosted
    version: "3.0.6"
  csslib:
    dependency: transitive
    description:
      name: csslib
      sha256: "706b5707578e0c1b4b7550f64078f0a0f19dec3f50a178ffae7006b0a9ca58fb"
      url: "https://pub.dev"
    source: hosted
    version: "1.0.0"
  csv:
    dependency: transitive
    description:
      name: csv
      sha256: c6aa2679b2a18cb57652920f674488d89712efaf4d3fdf2e537215b35fc19d6c
      url: "https://pub.dev"
    source: hosted
    version: "6.0.0"
  ffi:
    dependency: transitive
    description:
      name: ffi
      sha256: "16ed7b077ef01ad6170a3d0c57caa4a112a38d7a2ed5602e0aca9ca6f3d98da6"
      url: "https://pub.dev"
    source: hosted
    version: "2.1.3"
  file:
    dependency: transitive
    description:
      name: file
      sha256: a3b4f84adafef897088c160faf7dfffb7696046cb13ae90b508c2cbc95d3b8d4
      url: "https://pub.dev"
    source: hosted
    version: "7.0.1"
  fixnum:
    dependency: transitive
    description:
      name: fixnum
      sha256: "25517a4deb0c03aa0f32fd12db525856438902d9c16536311e76cdc57b31d7d1"
      url: "https://pub.dev"
    source: hosted
    version: "1.1.0"
  flat_buffers:
    dependency: transitive
    description:
      name: flat_buffers
      sha256: "380bdcba5664a718bfd4ea20a45d39e13684f5318fcd8883066a55e21f37f4c3"
      url: "https://pub.dev"
    source: hosted
    version: "23.5.26"
  freezed_annotation:
    dependency: transitive
    description:
      name: freezed_annotation
      sha256: c2e2d632dd9b8a2b7751117abcfc2b4888ecfe181bd9fca7170d9ef02e595fe2
      url: "https://pub.dev"
    source: hosted
    version: "2.4.4"
  gcloud:
    dependency: transitive
    description:
      name: gcloud
      sha256: c63576bbd60b7dccd1548d51286e1c5b82e26b62440372a09c2aad0785d2e9f4
      url: "https://pub.dev"
    source: hosted
    version: "0.8.18"
  glob:
    dependency: transitive
    description:
      name: glob
      sha256: c3f1ee72c96f8f78935e18aa8cecced9ab132419e8625dc187e1c2408efc20de
      url: "https://pub.dev"
    source: hosted
    version: "2.1.3"
  google_generative_ai:
    dependency: transitive
    description:
      name: google_generative_ai
      sha256: "71f613d0247968992ad87a0eb21650a566869757442ba55a31a81be6746e0d1f"
      url: "https://pub.dev"
    source: hosted
    version: "0.4.7"
  google_identity_services_web:
    dependency: transitive
    description:
      name: google_identity_services_web
      sha256: "5d187c46dc59e02646e10fe82665fc3884a9b71bc1c90c2b8b749316d33ee454"
      url: "https://pub.dev"
    source: hosted
    version: "0.3.3+1"
  googleapis:
    dependency: transitive
    description:
      name: googleapis
      sha256: "864f222aed3f2ff00b816c675edf00a39e2aaf373d728d8abec30b37bee1a81c"
      url: "https://pub.dev"
    source: hosted
    version: "13.2.0"
  googleapis_auth:
    dependency: transitive
    description:
      name: googleapis_auth
      sha256: b81fe352cc4a330b3710d2b7ad258d9bcef6f909bb759b306bf42973a7d046db
      url: "https://pub.dev"
    source: hosted
    version: "2.0.0"
  html:
    dependency: transitive
    description:
      name: html
      sha256: "3a7812d5bcd2894edf53dfaf8cd640876cf6cef50a8f238745c8b8120ea74d3a"
      url: "https://pub.dev"
    source: hosted
    version: "0.15.4"
  http:
    dependency: transitive
    description:
      name: http
      sha256: "2c11f3f94c687ee9bad77c171151672986360b2b001d109814ee7140b2cf261b"
      url: "https://pub.dev"
    source: hosted
    version: "1.4.0"
  http_parser:
    dependency: transitive
    description:
      name: http_parser
      sha256: "40f592dd352890c3b60fec1b68e786cefb9603e05ff303dbc4dda49b304ecdf4"
      url: "https://pub.dev"
    source: hosted
    version: "4.1.0"
  iregexp:
    dependency: transitive
    description:
      name: iregexp
      sha256: "143859dcaeecf6f683102786762d70a47ef8441a0d2287a158172d32d38799cf"
      url: "https://pub.dev"
    source: hosted
    version: "0.1.2"
  json_annotation:
    dependency: transitive
    description:
      name: json_annotation
      sha256: "1ce844379ca14835a50d2f019a3099f419082cfdd231cd86a142af94dd5c6bb1"
      url: "https://pub.dev"
    source: hosted
    version: "4.9.0"
  json_path:
    dependency: transitive
    description:
      name: json_path
      sha256: ba1904c4425dbe6230b824ed5b8b1684e87dbce2be5316e145584a6c46e750c1
      url: "https://pub.dev"
    source: hosted
    version: "0.7.6"
  langchain:
    dependency: "direct main"
    description:
      path: "../../packages/langchain"
      relative: true
    source: path
    version: "0.7.7+2"
  langchain_anthropic:
    dependency: "direct main"
    description:
      path: "../../packages/langchain_anthropic"
      relative: true
    source: path
    version: "0.2.0+1"
  langchain_chroma:
    dependency: "direct main"
    description:
      path: "../../packages/langchain_chroma"
      relative: true
    source: path
    version: "0.2.1+5"
  langchain_community:
    dependency: "direct main"
    description:
      path: "../../packages/langchain_community"
      relative: true
    source: path
    version: "0.3.3"
  langchain_core:
    dependency: "direct overridden"
    description:
      path: "../../packages/langchain_core"
      relative: true
    source: path
    version: "0.3.6+1"
  langchain_google:
    dependency: "direct main"
    description:
      path: "../../packages/langchain_google"
      relative: true
    source: path
    version: "0.6.4+2"
  langchain_mistralai:
    dependency: "direct main"
    description:
      path: "../../packages/langchain_mistralai"
      relative: true
    source: path
    version: "0.2.3+2"
  langchain_ollama:
    dependency: "direct main"
    description:
      path: "../../packages/langchain_ollama"
      relative: true
    source: path
    version: "0.3.2+2"
  langchain_openai:
    dependency: "direct main"
    description:
      path: "../../packages/langchain_openai"
      relative: true
    source: path
    version: "0.7.3"
  langchain_tiktoken:
    dependency: transitive
    description:
      name: langchain_tiktoken
      sha256: c1804f4b3e56574ca67e562305d9f11e3eabe3c8aa87fea8635992f7efc66674
      url: "https://pub.dev"
    source: hosted
    version: "1.0.1"
  math_expressions:
    dependency: transitive
    description:
      name: math_expressions
      sha256: "218dc65bed4726562bb31c53d8daa3cc824664b26fb72d77bc592757edf74ba0"
      url: "https://pub.dev"
    source: hosted
    version: "2.7.0"
  maybe_just_nothing:
    dependency: transitive
    description:
      name: maybe_just_nothing
      sha256: "0c06326e26d08f6ed43247404376366dc4d756cef23a4f1db765f546224c35e0"
      url: "https://pub.dev"
    source: hosted
    version: "0.5.3"
  meta:
    dependency: transitive
    description:
      name: meta
      sha256: e3641ec5d63ebf0d9b41bd43201a66e3fc79a65db5f61fc181f04cd27aab950c
      url: "https://pub.dev"
    source: hosted
    version: "1.16.0"
  mistralai_dart:
    dependency: "direct overridden"
    description:
      path: "../../packages/mistralai_dart"
      relative: true
    source: path
    version: "0.0.3+4"
  objectbox:
    dependency: transitive
    description:
      name: objectbox
      sha256: "25c2e24b417d938decb5598682dc831bc6a21856eaae65affbc57cfad326808d"
      url: "https://pub.dev"
    source: hosted
    version: "4.3.0"
  ollama_dart:
    dependency: "direct overridden"
    description:
      path: "../../packages/ollama_dart"
      relative: true
    source: path
    version: "0.2.2+1"
  openai_dart:
    dependency: "direct overridden"
    description:
      path: "../../packages/openai_dart"
      relative: true
    source: path
    version: "0.4.5"
  path:
    dependency: transitive
    description:
      name: path
      sha256: "75cca69d1490965be98c73ceaea117e8a04dd21217b37b292c9ddbec0d955bc5"
      url: "https://pub.dev"
    source: hosted
    version: "1.9.1"
  petitparser:
    dependency: transitive
    description:
      name: petitparser
      sha256: "07c8f0b1913bcde1ff0d26e57ace2f3012ccbf2b204e070290dad3bb22797646"
      url: "https://pub.dev"
    source: hosted
    version: "6.1.0"
  retry:
    dependency: transitive
    description:
      name: retry
      sha256: "822e118d5b3aafed083109c72d5f484c6dc66707885e07c0fbcb8b986bba7efc"
      url: "https://pub.dev"
    source: hosted
    version: "3.1.2"
  rfc_6901:
    dependency: transitive
    description:
      name: rfc_6901
      sha256: df1bbfa3d023009598f19636d6114c6ac1e0b7bb7bf6a260f0e6e6ce91416820
      url: "https://pub.dev"
    source: hosted
    version: "0.2.0"
  rxdart:
    dependency: transitive
    description:
      name: rxdart
      sha256: "5c3004a4a8dbb94bd4bf5412a4def4acdaa12e12f269737a5751369e12d1a962"
      url: "https://pub.dev"
    source: hosted
    version: "0.28.0"
  source_span:
    dependency: transitive
    description:
      name: source_span
      sha256: "53e943d4206a5e30df338fd4c6e7a077e02254531b138a15aec3bd143c1a8b3c"
      url: "https://pub.dev"
    source: hosted
    version: "1.10.0"
  sprintf:
    dependency: transitive
    description:
      name: sprintf
      sha256: "1fc9ffe69d4df602376b52949af107d8f5703b77cda567c4d7d86a0693120f23"
      url: "https://pub.dev"
    source: hosted
    version: "7.0.0"
  string_scanner:
    dependency: transitive
    description:
      name: string_scanner
      sha256: "688af5ed3402a4bde5b3a6c15fd768dbf2621a614950b17f04626c431ab3c4c3"
      url: "https://pub.dev"
    source: hosted
    version: "1.3.0"
  tavily_dart:
    dependency: "direct overridden"
    description:
      path: "../../packages/tavily_dart"
      relative: true
    source: path
    version: "0.1.0+1"
  term_glyph:
    dependency: transitive
    description:
      name: term_glyph
      sha256: a29248a84fbb7c79282b40b8c72a1209db169a2e0542bce341da992fe1bc7e84
      url: "https://pub.dev"
    source: hosted
    version: "1.2.1"
  typed_data:
    dependency: transitive
    description:
      name: typed_data
      sha256: facc8d6582f16042dd49f2463ff1bd6e2c9ef9f3d5da3d9b087e244a7b564b3c
      url: "https://pub.dev"
    source: hosted
    version: "1.3.2"
  uuid:
    dependency: transitive
    description:
      name: uuid
      sha256: a5be9ef6618a7ac1e964353ef476418026db906c4facdedaa299b7a2e71690ff
      url: "https://pub.dev"
    source: hosted
    version: "4.5.1"
  vector_math:
    dependency: transitive
    description:
      name: vector_math
      sha256: "80b3257d1492ce4d091729e3a67a60407d227c27241d6927be0130c98e741803"
      url: "https://pub.dev"
    source: hosted
    version: "2.1.4"
  vertex_ai:
    dependency: "direct overridden"
    description:
      path: "../../packages/vertex_ai"
      relative: true
    source: path
    version: "0.1.0+3"
  web:
    dependency: transitive
    description:
      name: web
      sha256: d43c1d6b787bf0afad444700ae7f4db8827f701bc61c255ac8d328c6f4d52062
      url: "https://pub.dev"
    source: hosted
    version: "1.0.0"
sdks:
  dart: ">=3.6.0 <4.0.0"
